
Microsoft Visual Studio Solution File, Format Version 11.00
# Visual Studio 2010
Project("{FAE04EC0-301F-11D3-BF4B-00C04F79EFBC}") = "rglikeworkname", "rglikeworkname\rglikeworkname\rglikeworkname.csproj", "{D1BFD656-3C6B-45F9-90BE-DEBFCBC501DA}"
EndProject
Project("{FAE04EC0-301F-11D3-BF4B-00C04F79EFBC}") = "rglikeworknamecontent", "rglikeworkname\rglikeworknamecontent\rglikeworknamecontent.contentproj", "{3D81FF93-5869-44DF-AE58-5DD9EB35A7DC}"
EndProject
Project("{FAE04EC0-301F-11D3-BF4B-00C04F79EFBC}") = "rglikeworknamelib", "rglikeworknamelib\rglikeworknamelib.csproj", "{0B9D01F6-F7FE-438B-A156-065D41408337}"
EndProject
Project("{FAE04EC0-301F-11D3-BF4B-00C04F79EFBC}") = "SchemesEditor", "SchemesEditor\SchemesEditor.csproj", "{A42DF490-A81C-4A91-B92E-33DC74FE45A3}"
EndProject
Project("{FAE04EC0-301F-11D3-BF4B-00C04F79EFBC}") = "jargtests", "jargtests\jargtests.csproj", "{17EDE26C-8E60-4AAE-918F-CD525578A82F}"
EndProject
Project("{2150E333-8FDC-42A3-9474-1A3956D46DE8}") = "Solution Items", "Solution Items", "{1C27904A-C59A-4FB0-8141-CA1FA7B64206}"
	ProjectSection(SolutionItems) = preProject
		BuildRelease.cmd = BuildRelease.cmd
		rglikeworkname.vsmdi = rglikeworkname.vsmdi
	EndProjectSection
EndProject
Project("{FAE04EC0-301F-11D3-BF4B-00C04F79EFBC}") = "DataEditor", "DataEditor\DataEditor.csproj", "{4F55B71E-0297-4441-BA36-7E545A728BD4}"
EndProject
Project("{FAE04EC0-301F-11D3-BF4B-00C04F79EFBC}") = "TestArea", "TestArea\TestArea.csproj", "{C46C090F-40FD-4628-9ED6-1B0D2245EF1A}"
EndProject
Project("{FAE04EC0-301F-11D3-BF4B-00C04F79EFBC}") = "DropListEditor", "DropListEditor\DropListEditor.csproj", "{3CEAEF0A-126C-4847-93D9-F996B596A2CC}"
EndProject
Global
	GlobalSection(TestCaseManagementSettings) = postSolution
		CategoryFile = rglikeworkname.vsmdi
	EndGlobalSection
	GlobalSection(SolutionConfigurationPlatforms) = preSolution
		Debug|Any CPU = Debug|Any CPU
		Debug|Mixed Platforms = Debug|Mixed Platforms
		Debug|Win32 = Debug|Win32
		Debug|x86 = Debug|x86
		Only Game|Any CPU = Only Game|Any CPU
		Only Game|Mixed Platforms = Only Game|Mixed Platforms
		Only Game|Win32 = Only Game|Win32
		Only Game|x86 = Only Game|x86
		Release|Any CPU = Release|Any CPU
		Release|Mixed Platforms = Release|Mixed Platforms
		Release|Win32 = Release|Win32
		Release|x86 = Release|x86
	EndGlobalSection
	GlobalSection(ProjectConfigurationPlatforms) = postSolution
		{D1BFD656-3C6B-45F9-90BE-DEBFCBC501DA}.Debug|Any CPU.ActiveCfg = Debug|x86
		{D1BFD656-3C6B-45F9-90BE-DEBFCBC501DA}.Debug|Any CPU.Build.0 = Debug|x86
		{D1BFD656-3C6B-45F9-90BE-DEBFCBC501DA}.Debug|Mixed Platforms.ActiveCfg = Debug|x86
		{D1BFD656-3C6B-45F9-90BE-DEBFCBC501DA}.Debug|Mixed Platforms.Build.0 = Debug|x86
		{D1BFD656-3C6B-45F9-90BE-DEBFCBC501DA}.Debug|Win32.ActiveCfg = Debug|x86
		{D1BFD656-3C6B-45F9-90BE-DEBFCBC501DA}.Debug|x86.ActiveCfg = Debug|x86
		{D1BFD656-3C6B-45F9-90BE-DEBFCBC501DA}.Debug|x86.Build.0 = Debug|x86
		{D1BFD656-3C6B-45F9-90BE-DEBFCBC501DA}.Only Game|Any CPU.ActiveCfg = Only Game|x86
		{D1BFD656-3C6B-45F9-90BE-DEBFCBC501DA}.Only Game|Mixed Platforms.ActiveCfg = Only Game|x86
		{D1BFD656-3C6B-45F9-90BE-DEBFCBC501DA}.Only Game|Mixed Platforms.Build.0 = Only Game|x86
		{D1BFD656-3C6B-45F9-90BE-DEBFCBC501DA}.Only Game|Win32.ActiveCfg = Only Game|x86
		{D1BFD656-3C6B-45F9-90BE-DEBFCBC501DA}.Only Game|x86.ActiveCfg = Only Game|x86
		{D1BFD656-3C6B-45F9-90BE-DEBFCBC501DA}.Only Game|x86.Build.0 = Only Game|x86
		{D1BFD656-3C6B-45F9-90BE-DEBFCBC501DA}.Release|Any CPU.ActiveCfg = Release|x86
		{D1BFD656-3C6B-45F9-90BE-DEBFCBC501DA}.Release|Any CPU.Build.0 = Release|x86
		{D1BFD656-3C6B-45F9-90BE-DEBFCBC501DA}.Release|Mixed Platforms.ActiveCfg = Release|x86
		{D1BFD656-3C6B-45F9-90BE-DEBFCBC501DA}.Release|Mixed Platforms.Build.0 = Release|x86
		{D1BFD656-3C6B-45F9-90BE-DEBFCBC501DA}.Release|Win32.ActiveCfg = Release|x86
		{D1BFD656-3C6B-45F9-90BE-DEBFCBC501DA}.Release|x86.ActiveCfg = Release|x86
		{D1BFD656-3C6B-45F9-90BE-DEBFCBC501DA}.Release|x86.Build.0 = Release|x86
		{3D81FF93-5869-44DF-AE58-5DD9EB35A7DC}.Debug|Any CPU.ActiveCfg = Debug|x86
		{3D81FF93-5869-44DF-AE58-5DD9EB35A7DC}.Debug|Mixed Platforms.ActiveCfg = Debug|x86
		{3D81FF93-5869-44DF-AE58-5DD9EB35A7DC}.Debug|Win32.ActiveCfg = Debug|x86
		{3D81FF93-5869-44DF-AE58-5DD9EB35A7DC}.Debug|x86.ActiveCfg = Debug|x86
		{3D81FF93-5869-44DF-AE58-5DD9EB35A7DC}.Only Game|Any CPU.ActiveCfg = Release|x86
		{3D81FF93-5869-44DF-AE58-5DD9EB35A7DC}.Only Game|Mixed Platforms.ActiveCfg = Release|x86
		{3D81FF93-5869-44DF-AE58-5DD9EB35A7DC}.Only Game|Win32.ActiveCfg = Release|x86
		{3D81FF93-5869-44DF-AE58-5DD9EB35A7DC}.Only Game|x86.ActiveCfg = Release|x86
		{3D81FF93-5869-44DF-AE58-5DD9EB35A7DC}.Release|Any CPU.ActiveCfg = Release|x86
		{3D81FF93-5869-44DF-AE58-5DD9EB35A7DC}.Release|Mixed Platforms.ActiveCfg = Release|x86
		{3D81FF93-5869-44DF-AE58-5DD9EB35A7DC}.Release|Win32.ActiveCfg = Release|x86
		{3D81FF93-5869-44DF-AE58-5DD9EB35A7DC}.Release|x86.ActiveCfg = Release|x86
		{0B9D01F6-F7FE-438B-A156-065D41408337}.Debug|Any CPU.ActiveCfg = Debug|x86
		{0B9D01F6-F7FE-438B-A156-065D41408337}.Debug|Any CPU.Build.0 = Debug|x86
		{0B9D01F6-F7FE-438B-A156-065D41408337}.Debug|Mixed Platforms.ActiveCfg = Debug|x86
		{0B9D01F6-F7FE-438B-A156-065D41408337}.Debug|Mixed Platforms.Build.0 = Debug|x86
		{0B9D01F6-F7FE-438B-A156-065D41408337}.Debug|Win32.ActiveCfg = Debug|x86
		{0B9D01F6-F7FE-438B-A156-065D41408337}.Debug|x86.ActiveCfg = Debug|x86
		{0B9D01F6-F7FE-438B-A156-065D41408337}.Debug|x86.Build.0 = Debug|x86
		{0B9D01F6-F7FE-438B-A156-065D41408337}.Only Game|Any CPU.ActiveCfg = Only Game|x86
		{0B9D01F6-F7FE-438B-A156-065D41408337}.Only Game|Mixed Platforms.ActiveCfg = Only Game|x86
		{0B9D01F6-F7FE-438B-A156-065D41408337}.Only Game|Mixed Platforms.Build.0 = Only Game|x86
		{0B9D01F6-F7FE-438B-A156-065D41408337}.Only Game|Win32.ActiveCfg = Only Game|x86
		{0B9D01F6-F7FE-438B-A156-065D41408337}.Only Game|x86.ActiveCfg = Only Game|x86
		{0B9D01F6-F7FE-438B-A156-065D41408337}.Only Game|x86.Build.0 = Only Game|x86
		{0B9D01F6-F7FE-438B-A156-065D41408337}.Release|Any CPU.ActiveCfg = Release|x86
		{0B9D01F6-F7FE-438B-A156-065D41408337}.Release|Any CPU.Build.0 = Release|x86
		{0B9D01F6-F7FE-438B-A156-065D41408337}.Release|Mixed Platforms.ActiveCfg = Release|x86
		{0B9D01F6-F7FE-438B-A156-065D41408337}.Release|Mixed Platforms.Build.0 = Release|x86
		{0B9D01F6-F7FE-438B-A156-065D41408337}.Release|Win32.ActiveCfg = Release|x86
		{0B9D01F6-F7FE-438B-A156-065D41408337}.Release|x86.ActiveCfg = Release|x86
		{0B9D01F6-F7FE-438B-A156-065D41408337}.Release|x86.Build.0 = Release|x86
		{A42DF490-A81C-4A91-B92E-33DC74FE45A3}.Debug|Any CPU.ActiveCfg = Debug|x86
		{A42DF490-A81C-4A91-B92E-33DC74FE45A3}.Debug|Any CPU.Build.0 = Debug|x86
		{A42DF490-A81C-4A91-B92E-33DC74FE45A3}.Debug|Mixed Platforms.ActiveCfg = Debug|x86
		{A42DF490-A81C-4A91-B92E-33DC74FE45A3}.Debug|Mixed Platforms.Build.0 = Debug|x86
		{A42DF490-A81C-4A91-B92E-33DC74FE45A3}.Debug|Win32.ActiveCfg = Debug|x86
		{A42DF490-A81C-4A91-B92E-33DC74FE45A3}.Debug|x86.ActiveCfg = Debug|x86
		{A42DF490-A81C-4A91-B92E-33DC74FE45A3}.Debug|x86.Build.0 = Debug|x86
		{A42DF490-A81C-4A91-B92E-33DC74FE45A3}.Only Game|Any CPU.ActiveCfg = Only Game|x86
		{A42DF490-A81C-4A91-B92E-33DC74FE45A3}.Only Game|Mixed Platforms.ActiveCfg = Only Game|x86
		{A42DF490-A81C-4A91-B92E-33DC74FE45A3}.Only Game|Win32.ActiveCfg = Only Game|x86
		{A42DF490-A81C-4A91-B92E-33DC74FE45A3}.Only Game|x86.ActiveCfg = Only Game|x86
		{A42DF490-A81C-4A91-B92E-33DC74FE45A3}.Only Game|x86.Build.0 = Only Game|x86
		{A42DF490-A81C-4A91-B92E-33DC74FE45A3}.Release|Any CPU.ActiveCfg = Release|x86
		{A42DF490-A81C-4A91-B92E-33DC74FE45A3}.Release|Mixed Platforms.ActiveCfg = Release|x86
		{A42DF490-A81C-4A91-B92E-33DC74FE45A3}.Release|Win32.ActiveCfg = Release|x86
		{A42DF490-A81C-4A91-B92E-33DC74FE45A3}.Release|x86.ActiveCfg = Release|x86
		{17EDE26C-8E60-4AAE-918F-CD525578A82F}.Debug|Any CPU.ActiveCfg = Debug|Any CPU
		{17EDE26C-8E60-4AAE-918F-CD525578A82F}.Debug|Any CPU.Build.0 = Debug|Any CPU
		{17EDE26C-8E60-4AAE-918F-CD525578A82F}.Debug|Mixed Platforms.ActiveCfg = Debug|Any CPU
		{17EDE26C-8E60-4AAE-918F-CD525578A82F}.Debug|Mixed Platforms.Build.0 = Debug|Any CPU
		{17EDE26C-8E60-4AAE-918F-CD525578A82F}.Debug|Win32.ActiveCfg = Debug|Any CPU
		{17EDE26C-8E60-4AAE-918F-CD525578A82F}.Debug|x86.ActiveCfg = Debug|Any CPU
		{17EDE26C-8E60-4AAE-918F-CD525578A82F}.Only Game|Any CPU.ActiveCfg = Only Game|Any CPU
		{17EDE26C-8E60-4AAE-918F-CD525578A82F}.Only Game|Any CPU.Build.0 = Only Game|Any CPU
		{17EDE26C-8E60-4AAE-918F-CD525578A82F}.Only Game|Mixed Platforms.ActiveCfg = Only Game|Any CPU
		{17EDE26C-8E60-4AAE-918F-CD525578A82F}.Only Game|Win32.ActiveCfg = Only Game|Any CPU
		{17EDE26C-8E60-4AAE-918F-CD525578A82F}.Only Game|x86.ActiveCfg = Only Game|Any CPU
		{17EDE26C-8E60-4AAE-918F-CD525578A82F}.Release|Any CPU.ActiveCfg = Release|Any CPU
		{17EDE26C-8E60-4AAE-918F-CD525578A82F}.Release|Mixed Platforms.ActiveCfg = Release|Any CPU
		{17EDE26C-8E60-4AAE-918F-CD525578A82F}.Release|Win32.ActiveCfg = Release|Any CPU
		{17EDE26C-8E60-4AAE-918F-CD525578A82F}.Release|x86.ActiveCfg = Release|Any CPU
		{4F55B71E-0297-4441-BA36-7E545A728BD4}.Debug|Any CPU.ActiveCfg = Debug|x86
		{4F55B71E-0297-4441-BA36-7E545A728BD4}.Debug|Mixed Platforms.ActiveCfg = Debug|x86
		{4F55B71E-0297-4441-BA36-7E545A728BD4}.Debug|Mixed Platforms.Build.0 = Debug|x86
		{4F55B71E-0297-4441-BA36-7E545A728BD4}.Debug|Win32.ActiveCfg = Debug|x86
		{4F55B71E-0297-4441-BA36-7E545A728BD4}.Debug|x86.ActiveCfg = Debug|x86
		{4F55B71E-0297-4441-BA36-7E545A728BD4}.Debug|x86.Build.0 = Debug|x86
		{4F55B71E-0297-4441-BA36-7E545A728BD4}.Only Game|Any CPU.ActiveCfg = Only Game|x86
		{4F55B71E-0297-4441-BA36-7E545A728BD4}.Only Game|Mixed Platforms.ActiveCfg = Only Game|x86
		{4F55B71E-0297-4441-BA36-7E545A728BD4}.Only Game|Win32.ActiveCfg = Only Game|x86
		{4F55B71E-0297-4441-BA36-7E545A728BD4}.Only Game|x86.ActiveCfg = Only Game|x86
		{4F55B71E-0297-4441-BA36-7E545A728BD4}.Only Game|x86.Build.0 = Only Game|x86
		{4F55B71E-0297-4441-BA36-7E545A728BD4}.Release|Any CPU.ActiveCfg = Release|x86
		{4F55B71E-0297-4441-BA36-7E545A728BD4}.Release|Mixed Platforms.ActiveCfg = Release|x86
		{4F55B71E-0297-4441-BA36-7E545A728BD4}.Release|Win32.ActiveCfg = Release|x86
		{4F55B71E-0297-4441-BA36-7E545A728BD4}.Release|x86.ActiveCfg = Release|x86
		{4F55B71E-0297-4441-BA36-7E545A728BD4}.Release|x86.Build.0 = Release|x86
		{C46C090F-40FD-4628-9ED6-1B0D2245EF1A}.Debug|Any CPU.ActiveCfg = Debug|x86
		{C46C090F-40FD-4628-9ED6-1B0D2245EF1A}.Debug|Mixed Platforms.ActiveCfg = Debug|x86
		{C46C090F-40FD-4628-9ED6-1B0D2245EF1A}.Debug|Mixed Platforms.Build.0 = Debug|x86
		{C46C090F-40FD-4628-9ED6-1B0D2245EF1A}.Debug|Win32.ActiveCfg = Debug|x86
		{C46C090F-40FD-4628-9ED6-1B0D2245EF1A}.Debug|x86.ActiveCfg = Debug|x86
		{C46C090F-40FD-4628-9ED6-1B0D2245EF1A}.Debug|x86.Build.0 = Debug|x86
		{C46C090F-40FD-4628-9ED6-1B0D2245EF1A}.Only Game|Any CPU.ActiveCfg = Release|x86
		{C46C090F-40FD-4628-9ED6-1B0D2245EF1A}.Only Game|Mixed Platforms.ActiveCfg = Release|x86
		{C46C090F-40FD-4628-9ED6-1B0D2245EF1A}.Only Game|Win32.ActiveCfg = Release|x86
		{C46C090F-40FD-4628-9ED6-1B0D2245EF1A}.Only Game|x86.ActiveCfg = Release|x86
		{C46C090F-40FD-4628-9ED6-1B0D2245EF1A}.Only Game|x86.Build.0 = Release|x86
		{C46C090F-40FD-4628-9ED6-1B0D2245EF1A}.Release|Any CPU.ActiveCfg = Release|x86
		{C46C090F-40FD-4628-9ED6-1B0D2245EF1A}.Release|Mixed Platforms.ActiveCfg = Release|x86
		{C46C090F-40FD-4628-9ED6-1B0D2245EF1A}.Release|Win32.ActiveCfg = Release|x86
		{C46C090F-40FD-4628-9ED6-1B0D2245EF1A}.Release|x86.ActiveCfg = Release|x86
		{C46C090F-40FD-4628-9ED6-1B0D2245EF1A}.Release|x86.Build.0 = Release|x86
		{3CEAEF0A-126C-4847-93D9-F996B596A2CC}.Debug|Any CPU.ActiveCfg = Debug|x86
		{3CEAEF0A-126C-4847-93D9-F996B596A2CC}.Debug|Mixed Platforms.ActiveCfg = Debug|x86
		{3CEAEF0A-126C-4847-93D9-F996B596A2CC}.Debug|Mixed Platforms.Build.0 = Debug|x86
		{3CEAEF0A-126C-4847-93D9-F996B596A2CC}.Debug|Win32.ActiveCfg = Debug|x86
		{3CEAEF0A-126C-4847-93D9-F996B596A2CC}.Debug|x86.ActiveCfg = Debug|x86
		{3CEAEF0A-126C-4847-93D9-F996B596A2CC}.Debug|x86.Build.0 = Debug|x86
		{3CEAEF0A-126C-4847-93D9-F996B596A2CC}.Only Game|Any CPU.ActiveCfg = Release|x86
		{3CEAEF0A-126C-4847-93D9-F996B596A2CC}.Only Game|Mixed Platforms.ActiveCfg = Release|x86
		{3CEAEF0A-126C-4847-93D9-F996B596A2CC}.Only Game|Mixed Platforms.Build.0 = Release|x86
		{3CEAEF0A-126C-4847-93D9-F996B596A2CC}.Only Game|Win32.ActiveCfg = Release|x86
		{3CEAEF0A-126C-4847-93D9-F996B596A2CC}.Only Game|x86.ActiveCfg = Release|x86
		{3CEAEF0A-126C-4847-93D9-F996B596A2CC}.Only Game|x86.Build.0 = Release|x86
		{3CEAEF0A-126C-4847-93D9-F996B596A2CC}.Release|Any CPU.ActiveCfg = Release|x86
		{3CEAEF0A-126C-4847-93D9-F996B596A2CC}.Release|Mixed Platforms.ActiveCfg = Release|x86
		{3CEAEF0A-126C-4847-93D9-F996B596A2CC}.Release|Mixed Platforms.Build.0 = Release|x86
		{3CEAEF0A-126C-4847-93D9-F996B596A2CC}.Release|Win32.ActiveCfg = Release|x86
		{3CEAEF0A-126C-4847-93D9-F996B596A2CC}.Release|x86.ActiveCfg = Release|x86
		{3CEAEF0A-126C-4847-93D9-F996B596A2CC}.Release|x86.Build.0 = Release|x86
	EndGlobalSection
	GlobalSection(SolutionProperties) = preSolution
		HideSolutionNode = FALSE
	EndGlobalSection
EndGlobal
